lockfileVersion: '9.0'

settings:
  autoInstallPeers: true
  excludeLinksFromLockfile: false

importers:

  .:
    dependencies:
      dotenv:
        specifier: ^17.2.3
        version: 17.2.3
      openai:
        specifier: ^6.8.1
        version: 6.8.1

packages:

  dotenv@17.2.3:
    resolution: {integrity: sha512-JVUnt+DUIzu87TABbhPmNfVdBDt18BLOWjMUFJMSi/Qqg7NTYtabbvSNJGOJ7afbRuv9D/lngizHtP7QyLQ+9w==}
    engines: {node: '>=12'}

  openai@6.8.1:
    resolution: {integrity: sha512-ACifslrVgf+maMz9vqwMP4+v9qvx5Yzssydizks8n+YUJ6YwUoxj51sKRQ8HYMfR6wgKLSIlaI108ZwCk+8yig==}
    hasBin: true
    peerDependencies:
      ws: ^8.18.0
      zod: ^3.25 || ^4.0
    peerDependenciesMeta:
      ws:
        optional: true
      zod:
        optional: true

snapshots:

  dotenv@17.2.3: {}

  openai@6.8.1: {}
